
Microsoft Visual Studio Solution File, Format Version 12.00
# Visual Studio 15
VisualStudioVersion = 15.0.27130.2003
MinimumVisualStudioVersion = 10.0.40219.1
Project("{FAE04EC0-301F-11D3-BF4B-00C04F79EFBC}") = "NovaTrakt", "NovaTrakt\NovaTrakt.csproj", "{44902E27-3A8C-4656-859D-FE61A137A494}"
EndProject
Project("{FAE04EC0-301F-11D3-BF4B-00C04F79EFBC}") = "SharedComponents", "SharedComponents\SharedComponents.csproj", "{EAB192BA-85B6-450C-96D9-7E88507AB22D}"
EndProject
Global
	GlobalSection(SolutionConfigurationPlatforms) = preSolution
		Debug|Any CPU = Debug|Any CPU
		Release|Any CPU = Release|Any CPU
	EndGlobalSection
	GlobalSection(ProjectConfigurationPlatforms) = postSolution
		{44902E27-3A8C-4656-859D-FE61A137A494}.Debug|Any CPU.ActiveCfg = Debug|Any CPU
		{44902E27-3A8C-4656-859D-FE61A137A494}.Debug|Any CPU.Build.0 = Debug|Any CPU
		{44902E27-3A8C-4656-859D-FE61A137A494}.Release|Any CPU.ActiveCfg = Release|Any CPU
		{44902E27-3A8C-4656-859D-FE61A137A494}.Release|Any CPU.Build.0 = Release|Any CPU
		{EAB192BA-85B6-450C-96D9-7E88507AB22D}.Debug|Any CPU.ActiveCfg = Debug|Any CPU
		{EAB192BA-85B6-450C-96D9-7E88507AB22D}.Debug|Any CPU.Build.0 = Debug|Any CPU
		{EAB192BA-85B6-450C-96D9-7E88507AB22D}.Release|Any CPU.ActiveCfg = Release|Any CPU
		{EAB192BA-85B6-450C-96D9-7E88507AB22D}.Release|Any CPU.Build.0 = Release|Any CPU
	EndGlobalSection
	GlobalSection(SolutionProperties) = preSolution
		HideSolutionNode = FALSE
	EndGlobalSection
	GlobalSection(ExtensibilityGlobals) = postSolution
		SolutionGuid = {E6648DF1-8E33-46B9-9B59-34CFC332096C}
	EndGlobalSection
EndGlobal
